
Microsoft Visual Studio Solution File, Format Version 12.00
# Visual Studio Version 17
VisualStudioVersion = 17.8.34309.116
MinimumVisualStudioVersion = 10.0.40219.1
Project("{FAE04EC0-301F-11D3-BF4B-00C04F79EFBC}") = "Project.PL", "Project\Project.PL.csproj", "{D346B3C5-E62E-4736-BAAC-CE8589912DAB}"
EndProject
Project("{FAE04EC0-301F-11D3-BF4B-00C04F79EFBC}") = "Project.DAL", "Project.DAL\Project.DAL.csproj", "{0BC3ED94-49FB-431E-9D5E-14384BDDC899}"
EndProject
Project("{FAE04EC0-301F-11D3-BF4B-00C04F79EFBC}") = "Project.DLL", "Project.DLL\Project.DLL.csproj", "{0EABC48E-685E-4BD0-9123-0BE0D9609ACA}"
EndProject
Global
	GlobalSection(SolutionConfigurationPlatforms) = preSolution
		Debug|Any CPU = Debug|Any CPU
		Release|Any CPU = Release|Any CPU
	EndGlobalSection
	GlobalSection(ProjectConfigurationPlatforms) = postSolution
		{D346B3C5-E62E-4736-BAAC-CE8589912DAB}.Debug|Any CPU.ActiveCfg = Debug|Any CPU
		{D346B3C5-E62E-4736-BAAC-CE8589912DAB}.Debug|Any CPU.Build.0 = Debug|Any CPU
		{D346B3C5-E62E-4736-BAAC-CE8589912DAB}.Release|Any CPU.ActiveCfg = Release|Any CPU
		{D346B3C5-E62E-4736-BAAC-CE8589912DAB}.Release|Any CPU.Build.0 = Release|Any CPU
		{0BC3ED94-49FB-431E-9D5E-14384BDDC899}.Debug|Any CPU.ActiveCfg = Debug|Any CPU
		{0BC3ED94-49FB-431E-9D5E-14384BDDC899}.Debug|Any CPU.Build.0 = Debug|Any CPU
		{0BC3ED94-49FB-431E-9D5E-14384BDDC899}.Release|Any CPU.ActiveCfg = Release|Any CPU
		{0BC3ED94-49FB-431E-9D5E-14384BDDC899}.Release|Any CPU.Build.0 = Release|Any CPU
		{0EABC48E-685E-4BD0-9123-0BE0D9609ACA}.Debug|Any CPU.ActiveCfg = Debug|Any CPU
		{0EABC48E-685E-4BD0-9123-0BE0D9609ACA}.Debug|Any CPU.Build.0 = Debug|Any CPU
		{0EABC48E-685E-4BD0-9123-0BE0D9609ACA}.Release|Any CPU.ActiveCfg = Release|Any CPU
		{0EABC48E-685E-4BD0-9123-0BE0D9609ACA}.Release|Any CPU.Build.0 = Release|Any CPU
	EndGlobalSection
	GlobalSection(SolutionProperties) = preSolution
		HideSolutionNode = FALSE
	EndGlobalSection
	GlobalSection(ExtensibilityGlobals) = postSolution
		SolutionGuid = {59C0CB34-2599-44AE-AA8C-37E1C8A0607F}
	EndGlobalSection
EndGlobal
